%{
  "dialyxir": {:hex, :dialyxir, "1.4.2", "764a6e8e7a354f0ba95d58418178d486065ead1f69ad89782817c296d0d746a5", [:mix], [{:erlex, ">= 0.2.6", [hex: :erlex, repo: "hexpm", optional: false]}], "hexpm", "516603d8067b2fd585319e4b13d3674ad4f314a5902ba8130cd97dc902ce6bbd"},
  "dynamic_supervisor_proxy": {:hex, :dynamic_supervisor_proxy, "0.1.49", "2e6f50eb777eb03fe0d1997d4552e8c6206beb83d952be57d0d2ce549044ebe3", [:mix], [{:file_only_logger, "~> 0.2", [hex: :file_only_logger, repo: "hexpm", optional: false]}, {:persist_config, "~> 0.4", [hex: :persist_config, repo: "hexpm", optional: false]}], "hexpm", "d35ff6cc19bf0e87f1154e74e41754f9c2184cb6c4c25dc511d87f80723fc9e1"},
  "earmark_parser": {:hex, :earmark_parser, "1.4.39", "424642f8335b05bb9eb611aa1564c148a8ee35c9c8a8bba6e129d51a3e3c6769", [:mix], [], "hexpm", "06553a88d1f1846da9ef066b87b57c6f605552cfbe40d20bd8d59cc6bde41944"},
  "erlex": {:hex, :erlex, "0.2.6", "c7987d15e899c7a2f34f5420d2a2ea0d659682c06ac607572df55a43753aa12e", [:mix], [], "hexpm", "2ed2e25711feb44d52b17d2780eabf998452f6efda104877a3881c2f8c0c0c75"},
  "ex_doc": {:hex, :ex_doc, "0.30.9", "d691453495c47434c0f2052b08dd91cc32bc4e1a218f86884563448ee2502dd2", [:mix], [{:earmark_parser, "~> 1.4.31", [hex: :earmark_parser, repo: "hexpm", optional: false]}, {:makeup_elixir, "~> 0.14", [hex: :makeup_elixir, repo: "hexpm", optional: false]}, {:makeup_erlang, "~> 0.1", [hex: :makeup_erlang, repo: "hexpm", optional: false]}], "hexpm", "d7aaaf21e95dc5cddabf89063327e96867d00013963eadf2c6ad135506a8bc10"},
  "file_only_logger": {:hex, :file_only_logger, "0.2.21", "d288b6d6073f8027db7912e4649847c794023649ef6beb96342b07cb3d74cb52", [:mix], [{:persist_config, "~> 0.4", [hex: :persist_config, repo: "hexpm", optional: false]}], "hexpm", "c30ee4d7a92530027d1d38c782ad1224dd06215d2b7d32435bb7ebe35e5903ba"},
  "gen_server_proxy": {:hex, :gen_server_proxy, "0.1.52", "31843b90e6c85e602a35fd71911dc64361f644d55942220f64ddaba86deaabda", [:mix], [{:file_only_logger, "~> 0.2", [hex: :file_only_logger, repo: "hexpm", optional: false]}, {:persist_config, "~> 0.4", [hex: :persist_config, repo: "hexpm", optional: false]}], "hexpm", "18e0093779b0150ae593dc6f7e56b0743ff8faccca2f18f6cbe13ce2ea09eead"},
  "io_ansi_plus": {:hex, :io_ansi_plus, "0.1.58", "f147370d7b6777e4f544241ceea24c57bbd5bcd0f8f0441ca043e0a8206f462b", [:mix], [{:persist_config, "~> 0.4", [hex: :persist_config, repo: "hexpm", optional: false]}], "hexpm", "648b7baa95f0bc1feefed5b3a9cae9d6115a004dae13d18e331cdd8743def5c2"},
  "io_ansi_table": {:hex, :io_ansi_table, "1.0.32", "a35cce1fd6876224bad49d1e5ca197374c5b76906508e23b63c96f79f8172645", [:mix], [{:file_only_logger, "~> 0.2", [hex: :file_only_logger, repo: "hexpm", optional: false]}, {:io_ansi_plus, "~> 0.1", [hex: :io_ansi_plus, repo: "hexpm", optional: false]}, {:log_reset, "~> 0.1", [hex: :log_reset, repo: "hexpm", optional: false]}, {:map_sorter, "~> 0.2", [hex: :map_sorter, repo: "hexpm", optional: false]}, {:persist_config, "~> 0.4", [hex: :persist_config, repo: "hexpm", optional: false]}], "hexpm", "be8bd880b2b2ff09470f1b930ffa58f42ebd0404a9d51b25ed39ed1e1d437a69"},
  "islands_board": {:hex, :islands_board, "0.1.29", "55961bbed586e5001eb9c5df4c5e7778263eb4781dcc75ab9f072e8f0ab9df75", [:mix], [{:islands_coord, "~> 0.1", [hex: :islands_coord, repo: "hexpm", optional: false]}, {:islands_island, "~> 0.1", [hex: :islands_island, repo: "hexpm", optional: false]}, {:jason, "~> 1.0", [hex: :jason, repo: "hexpm", optional: false]}], "hexpm", "cca2ebb7e0bd2a61d522e04ac5b89f2f9604b5551ba0aa2acea7e6f42df2ea61"},
  "islands_board_cache": {:hex, :islands_board_cache, "0.1.35", "beb83190e97e675240b6170f1dd5b4d7c7f82018b35d90972cbd38f2a845f10d", [:mix], [{:file_only_logger, "~> 0.2", [hex: :file_only_logger, repo: "hexpm", optional: false]}, {:islands_board, "~> 0.1", [hex: :islands_board, repo: "hexpm", optional: false]}, {:islands_coord, "~> 0.1", [hex: :islands_coord, repo: "hexpm", optional: false]}, {:islands_island, "~> 0.1", [hex: :islands_island, repo: "hexpm", optional: false]}, {:log_reset, "~> 0.1", [hex: :log_reset, repo: "hexpm", optional: false]}, {:persist_config, "~> 0.4", [hex: :persist_config, repo: "hexpm", optional: false]}], "hexpm", "ee021df84cc492f3e760b508e11a813c0c70f5eec2744c5ec53ec7309cb5c760"},
  "islands_client_island_type": {:hex, :islands_client_island_type, "0.1.19", "ddbc157628eb71c07867dadb5150e0d02cf5823ffbe3d1d0a0db3db6ca400e1c", [:mix], [{:islands_island, "~> 0.1", [hex: :islands_island, repo: "hexpm", optional: false]}], "hexpm", "1e8fae11289d07667075379b6152f0b71ac316f334b56b06594d5e9512d201e7"},
  "islands_coord": {:hex, :islands_coord, "0.1.30", "3b48dc8c9230622e9f71d440b5edfc1240eaaf05de9972886250f3a5ea03bba3", [:mix], [{:jason, "~> 1.0", [hex: :jason, repo: "hexpm", optional: false]}], "hexpm", "6e1a22596d9445bc8dba703af46e6c8fab9eb7ccddab366054a6a33683d58f8a"},
  "islands_game": {:hex, :islands_game, "0.1.43", "62e046bc28b68bc10b7ad40a99c541010748ae23191dd79097b4c014a1b492c7", [:mix], [{:islands_board, "~> 0.1", [hex: :islands_board, repo: "hexpm", optional: false]}, {:islands_coord, "~> 0.1", [hex: :islands_coord, repo: "hexpm", optional: false]}, {:islands_guesses, "~> 0.1", [hex: :islands_guesses, repo: "hexpm", optional: false]}, {:islands_player, "~> 0.1", [hex: :islands_player, repo: "hexpm", optional: false]}, {:islands_player_id, "~> 0.1", [hex: :islands_player_id, repo: "hexpm", optional: false]}, {:islands_request, "~> 0.1", [hex: :islands_request, repo: "hexpm", optional: false]}, {:islands_response, "~> 0.1", [hex: :islands_response, repo: "hexpm", optional: false]}, {:islands_state, "~> 0.1", [hex: :islands_state, repo: "hexpm", optional: false]}, {:jason, "~> 1.0", [hex: :jason, repo: "hexpm", optional: false]}, {:persist_config, "~> 0.4", [hex: :persist_config, repo: "hexpm", optional: false]}], "hexpm", "7ed0a9e98598d6e961bb4e35d696e6be00dba4346c493e13e87464ccce7ae9a1"},
  "islands_grid": {:hex, :islands_grid, "0.1.36", "6164ccdded8d8fbb9eb8635d2603340c4fef12d7679ef70fb9fe3590808aaccb", [:mix], [{:io_ansi_plus, "~> 0.1", [hex: :io_ansi_plus, repo: "hexpm", optional: false]}, {:islands_board, "~> 0.1", [hex: :islands_board, repo: "hexpm", optional: false]}, {:islands_coord, "~> 0.1", [hex: :islands_coord, repo: "hexpm", optional: false]}, {:islands_guesses, "~> 0.1", [hex: :islands_guesses, repo: "hexpm", optional: false]}, {:islands_island, "~> 0.1", [hex: :islands_island, repo: "hexpm", optional: false]}], "hexpm", "9c52e453ae767d96ea29161cba18dfae84d14cf83dd4b92644dc423c9f9ccf5d"},
  "islands_guesses": {:hex, :islands_guesses, "0.1.28", "4001e903c2cca282d01cb29cd18cba98740e5f9f2ff15caacfafa29f74618a84", [:mix], [{:islands_coord, "~> 0.1", [hex: :islands_coord, repo: "hexpm", optional: false]}, {:islands_island, "~> 0.1", [hex: :islands_island, repo: "hexpm", optional: false]}, {:jason, "~> 1.0", [hex: :jason, repo: "hexpm", optional: false]}], "hexpm", "819e02048b5a6fb6feddaf42d61cc97c1198855c2c05601ea6af4b81eb0e51b7"},
  "islands_island": {:hex, :islands_island, "0.1.31", "a5aa7db1173be607e5b53c8b88a2bbc348a749621dbdea5ab87c59ead91adfef", [:mix], [{:islands_coord, "~> 0.1", [hex: :islands_coord, repo: "hexpm", optional: false]}, {:jason, "~> 1.0", [hex: :jason, repo: "hexpm", optional: false]}], "hexpm", "77be08039efec8fa68708581c1127ca442c14fd233a1c8feca1c29d96be38af1"},
  "islands_player": {:hex, :islands_player, "0.1.31", "f99c104fe5d7d5974b7bbce1b780d96997397cb3c8d44ceb4ad058c7dd26d753", [:mix], [{:islands_board, "~> 0.1", [hex: :islands_board, repo: "hexpm", optional: false]}, {:islands_guesses, "~> 0.1", [hex: :islands_guesses, repo: "hexpm", optional: false]}, {:jason, "~> 1.0", [hex: :jason, repo: "hexpm", optional: false]}], "hexpm", "27fdcbd4fc5a75a35d930736c4daba7280fe86b070e5b3953a074bfff150d8a1"},
  "islands_player_id": {:hex, :islands_player_id, "0.1.20", "0284b73d4743df0723b9856c51c5987f732d375ba7f85e50725cd536f657c4a0", [:mix], [], "hexpm", "c3406858a7624862f5f57c9aedc0718b41c09662d7da15e60a4baf06ae7dadc8"},
  "islands_request": {:hex, :islands_request, "0.1.30", "b19dea10f7053d4b0363ea975fd2bb6514d8c316f55fc9a7a458bd646238952d", [:mix], [{:islands_coord, "~> 0.1", [hex: :islands_coord, repo: "hexpm", optional: false]}, {:islands_island, "~> 0.1", [hex: :islands_island, repo: "hexpm", optional: false]}, {:islands_player, "~> 0.1", [hex: :islands_player, repo: "hexpm", optional: false]}, {:islands_player_id, "~> 0.1", [hex: :islands_player_id, repo: "hexpm", optional: false]}], "hexpm", "6923bf2d9c0469f915215bfe824baeea60aa826b23b9f324d4f0e206908bfaad"},
  "islands_response": {:hex, :islands_response, "0.1.19", "b5c1587e86e17c97238ddb7b15cdcabf6bacb7e7786fc17e7e688417bd6f9e53", [:mix], [{:islands_island, "~> 0.1", [hex: :islands_island, repo: "hexpm", optional: false]}], "hexpm", "12e9d9f1a59ae5c8f337abb70b6d90d8bca12d0d0762149b5f1a95086f65c884"},
  "islands_score": {:hex, :islands_score, "0.1.43", "d96986e5d6145656e6d07b2b328cec4465356e4bd42cf46f66ae29561c774ac5", [:mix], [{:io_ansi_plus, "~> 0.1", [hex: :io_ansi_plus, repo: "hexpm", optional: false]}, {:islands_board, "~> 0.1", [hex: :islands_board, repo: "hexpm", optional: false]}, {:islands_client_island_type, "~> 0.1", [hex: :islands_client_island_type, repo: "hexpm", optional: false]}, {:islands_coord, "~> 0.1", [hex: :islands_coord, repo: "hexpm", optional: false]}, {:islands_game, "~> 0.1", [hex: :islands_game, repo: "hexpm", optional: false]}, {:islands_island, "~> 0.1", [hex: :islands_island, repo: "hexpm", optional: false]}, {:islands_player, "~> 0.1", [hex: :islands_player, repo: "hexpm", optional: false]}, {:islands_player_id, "~> 0.1", [hex: :islands_player_id, repo: "hexpm", optional: false]}, {:jason, "~> 1.0", [hex: :jason, repo: "hexpm", optional: false]}], "hexpm", "98117638dd393a97e75a07f88ed618a9b3f04e87fc0be5d11b373843f9e8bb2f"},
  "islands_state": {:hex, :islands_state, "0.1.22", "3dfe5a9bfab19bd314baeb5f3fd8f4d73ae974e26c88bffce0723fdb833a5290", [:mix], [{:islands_player_id, "~> 0.1", [hex: :islands_player_id, repo: "hexpm", optional: false]}, {:jason, "~> 1.0", [hex: :jason, repo: "hexpm", optional: false]}], "hexpm", "841e5d122da073ed80eab2d49ecbaad146ca510c03c89d2a439207c461276909"},
  "islands_tally": {:hex, :islands_tally, "0.1.26", "f37c97dc4761c3474a43dfc809033fc7cc5d35f19c55f419732bc3c8e33f4971", [:mix], [{:io_ansi_plus, "~> 0.1", [hex: :io_ansi_plus, repo: "hexpm", optional: false]}, {:io_ansi_table, "~> 1.0", [hex: :io_ansi_table, repo: "hexpm", optional: false]}, {:islands_board, "~> 0.1", [hex: :islands_board, repo: "hexpm", optional: false]}, {:islands_coord, "~> 0.1", [hex: :islands_coord, repo: "hexpm", optional: false]}, {:islands_game, "~> 0.1", [hex: :islands_game, repo: "hexpm", optional: false]}, {:islands_grid, "~> 0.1", [hex: :islands_grid, repo: "hexpm", optional: false]}, {:islands_guesses, "~> 0.1", [hex: :islands_guesses, repo: "hexpm", optional: false]}, {:islands_island, "~> 0.1", [hex: :islands_island, repo: "hexpm", optional: false]}, {:islands_player, "~> 0.1", [hex: :islands_player, repo: "hexpm", optional: false]}, {:islands_player_id, "~> 0.1", [hex: :islands_player_id, repo: "hexpm", optional: false]}, {:islands_request, "~> 0.1", [hex: :islands_request, repo: "hexpm", optional: false]}, {:islands_response, "~> 0.1", [hex: :islands_response, repo: "hexpm", optional: false]}, {:islands_score, "~> 0.1", [hex: :islands_score, repo: "hexpm", optional: false]}, {:islands_state, "~> 0.1", [hex: :islands_state, repo: "hexpm", optional: false]}, {:jason, "~> 1.0", [hex: :jason, repo: "hexpm", optional: false]}, {:persist_config, "~> 0.4", [hex: :persist_config, repo: "hexpm", optional: false]}], "hexpm", "ad1faf27325265fbd93bcf5edb0fb540a38b0ac998a3818734baf5e1e7270440"},
  "jason": {:hex, :jason, "1.4.1", "af1504e35f629ddcdd6addb3513c3853991f694921b1b9368b0bd32beb9f1b63", [:mix], [{:decimal, "~> 1.0 or ~> 2.0", [hex: :decimal, repo: "hexpm", optional: true]}], "hexpm", "fbb01ecdfd565b56261302f7e1fcc27c4fb8f32d56eab74db621fc154604a7a1"},
  "log_reset": {:hex, :log_reset, "0.1.58", "b796e00fa173e1036d6942add571f8b1be1b2187a85b079a4d4d140546422ca3", [:mix], [{:file_only_logger, "~> 0.2", [hex: :file_only_logger, repo: "hexpm", optional: false]}, {:persist_config, "~> 0.4", [hex: :persist_config, repo: "hexpm", optional: false]}], "hexpm", "733d47258339570f50940c7e985ddc08a336fd610eb34159a487f70b11b8a497"},
  "makeup": {:hex, :makeup, "1.1.1", "fa0bc768698053b2b3869fa8a62616501ff9d11a562f3ce39580d60860c3a55e", [:mix], [{:nimble_parsec, "~> 1.2.2 or ~> 1.3", [hex: :nimble_parsec, repo: "hexpm", optional: false]}], "hexpm", "5dc62fbdd0de44de194898b6710692490be74baa02d9d108bc29f007783b0b48"},
  "makeup_elixir": {:hex, :makeup_elixir, "0.16.1", "cc9e3ca312f1cfeccc572b37a09980287e243648108384b97ff2b76e505c3555", [:mix], [{:makeup, "~> 1.0", [hex: :makeup, repo: "hexpm", optional: false]}, {:nimble_parsec, "~> 1.2.3 or ~> 1.3", [hex: :nimble_parsec, repo: "hexpm", optional: false]}], "hexpm", "e127a341ad1b209bd80f7bd1620a15693a9908ed780c3b763bccf7d200c767c6"},
  "makeup_erlang": {:hex, :makeup_erlang, "0.1.2", "ad87296a092a46e03b7e9b0be7631ddcf64c790fa68a9ef5323b6cbb36affc72", [:mix], [{:makeup, "~> 1.0", [hex: :makeup, repo: "hexpm", optional: false]}], "hexpm", "f3f5a1ca93ce6e092d92b6d9c049bcda58a3b617a8d888f8e7231c85630e8108"},
  "map_sorter": {:hex, :map_sorter, "0.2.65", "3890d2149bea064023a486e5e1d299fc8af78986bab38bd8b27bae12159f389d", [:mix], [{:file_only_logger, "~> 0.2", [hex: :file_only_logger, repo: "hexpm", optional: false]}, {:log_reset, "~> 0.1", [hex: :log_reset, repo: "hexpm", optional: false]}, {:persist_config, "~> 0.4", [hex: :persist_config, repo: "hexpm", optional: false]}], "hexpm", "9407cb6fc9b673e8098ec6c7799ff66592f17f431099ba50d55048c159deb6d4"},
  "nimble_parsec": {:hex, :nimble_parsec, "1.4.0", "51f9b613ea62cfa97b25ccc2c1b4216e81df970acd8e16e8d1bdc58fef21370d", [:mix], [], "hexpm", "9c565862810fb383e9838c1dd2d7d2c437b3d13b267414ba6af33e50d2d1cf28"},
  "persist_config": {:hex, :persist_config, "0.4.29", "ba5318c42196ac8a4fa1013760209ff6da9581cfcd03d9435f6051dfddd4243c", [:mix], [], "hexpm", "ca6774a2ae16e27fbc308aede70649deb05191aaa14057a32a33b4a9ba3fae8e"},
}
