%{
  "dialyxir": {:hex, :dialyxir, "1.1.0", "c5aab0d6e71e5522e77beff7ba9e08f8e02bad90dfbeffae60eaf0cb47e29488", [:mix], [{:erlex, ">= 0.2.6", [hex: :erlex, repo: "hexpm", optional: false]}], "hexpm", "07ea8e49c45f15264ebe6d5b93799d4dd56a44036cf42d0ad9c960bc266c0b9a"},
  "dynamic_supervisor_proxy": {:hex, :dynamic_supervisor_proxy, "0.1.39", "184686011f0d38a53ccdae78956f9e19e81c9e6619205f9af2b64d4f91faf558", [:mix], [{:file_only_logger, "~> 0.1", [hex: :file_only_logger, repo: "hexpm", optional: false]}, {:persist_config, "~> 0.4", [hex: :persist_config, repo: "hexpm", optional: false]}], "hexpm", "7a339c757e82f764ee881dc4e6ffe74b1239a18f0d203aa6057c8ab279b47be7"},
  "earmark_parser": {:hex, :earmark_parser, "1.4.19", "de0d033d5ff9fc396a24eadc2fcf2afa3d120841eb3f1004d138cbf9273210e8", [:mix], [], "hexpm", "527ab6630b5c75c3a3960b75844c314ec305c76d9899bb30f71cb85952a9dc45"},
  "erlex": {:hex, :erlex, "0.2.6", "c7987d15e899c7a2f34f5420d2a2ea0d659682c06ac607572df55a43753aa12e", [:mix], [], "hexpm", "2ed2e25711feb44d52b17d2780eabf998452f6efda104877a3881c2f8c0c0c75"},
  "ex_doc": {:hex, :ex_doc, "0.28.0", "7eaf526dd8c80ae8c04d52ac8801594426ae322b52a6156cd038f30bafa8226f", [:mix], [{:earmark_parser, "~> 1.4.19", [hex: :earmark_parser, repo: "hexpm", optional: false]}, {:makeup_elixir, "~> 0.14", [hex: :makeup_elixir, repo: "hexpm", optional: false]}, {:makeup_erlang, "~> 0.1", [hex: :makeup_erlang, repo: "hexpm", optional: false]}], "hexpm", "e55cdadf69a5d1f4cfd8477122ebac5e1fadd433a8c1022dafc5025e48db0131"},
  "file_only_logger": {:hex, :file_only_logger, "0.1.51", "4ba34beb4a2f828cfefafcd1bcf6cfa30e5a89cc516fc2e4713d6e4ebfc03286", [:mix], [{:logger_file_backend, "~> 0.0.9", [hex: :logger_file_backend, repo: "hexpm", optional: false]}, {:persist_config, "~> 0.4", [hex: :persist_config, repo: "hexpm", optional: false]}], "hexpm", "03c366caa0d77a84db1206e21b08fbedf62f74598287ab65a72bc8fc5b56d98f"},
  "gen_server_proxy": {:hex, :gen_server_proxy, "0.1.39", "e5ed5c3b924085cb9ac2fc911b3108f23d91da38ef623a1763ebdfb2d18fd1e5", [:mix], [{:file_only_logger, "~> 0.1", [hex: :file_only_logger, repo: "hexpm", optional: false]}, {:persist_config, "~> 0.4", [hex: :persist_config, repo: "hexpm", optional: false]}], "hexpm", "40eab39b3a0118953ab0141832e102f5e0a7ca74cb081c8d96b85cfbd273d9ab"},
  "io_ansi_plus": {:hex, :io_ansi_plus, "0.1.37", "94b58f9b6d8a769a6ce0478ff02504210221050d64c8ca5401da8038c0f82ec5", [:mix], [{:persist_config, "~> 0.4", [hex: :persist_config, repo: "hexpm", optional: false]}], "hexpm", "c0bfdb3b08004e506e2ba3904629053de15e9ae4be870a401ed7a17dac19c465"},
  "io_ansi_table": {:hex, :io_ansi_table, "1.0.23", "c57ec6e0be1d7235f829249bc2a01c2c05f9ca0b02e234d92fa5fd24039eede0", [:mix], [{:file_only_logger, "~> 0.1", [hex: :file_only_logger, repo: "hexpm", optional: false]}, {:io_ansi_plus, "~> 0.1", [hex: :io_ansi_plus, repo: "hexpm", optional: false]}, {:log_reset, "~> 0.1", [hex: :log_reset, repo: "hexpm", optional: false]}, {:map_sorter, "~> 0.2", [hex: :map_sorter, repo: "hexpm", optional: false]}, {:persist_config, "~> 0.4", [hex: :persist_config, repo: "hexpm", optional: false]}], "hexpm", "1626d083a86fa4167e62d03d46a9abf70ac4ed8920479408461d06bf2053acaf"},
  "islands_board": {:hex, :islands_board, "0.1.25", "0f10c5ea6ef325bda7c4a3470ae39296c65f5c46f22331ff18c57565af3eb545", [:mix], [{:islands_coord, "~> 0.1", [hex: :islands_coord, repo: "hexpm", optional: false]}, {:islands_island, "~> 0.1", [hex: :islands_island, repo: "hexpm", optional: false]}, {:jason, "~> 1.0", [hex: :jason, repo: "hexpm", optional: false]}, {:poison, "~> 5.0", [hex: :poison, repo: "hexpm", optional: false]}], "hexpm", "458e852583dcd949fee6a0fb4d7ea6bd8b8d8462514cdc910a330862f33df081"},
  "islands_board_cache": {:hex, :islands_board_cache, "0.1.29", "0f33f744279eb7f1372f870424aa646bda406963bada48a6a5eefbd94ae9734b", [:mix], [{:file_only_logger, "~> 0.1", [hex: :file_only_logger, repo: "hexpm", optional: false]}, {:islands_board, "~> 0.1", [hex: :islands_board, repo: "hexpm", optional: false]}, {:islands_coord, "~> 0.1", [hex: :islands_coord, repo: "hexpm", optional: false]}, {:islands_island, "~> 0.1", [hex: :islands_island, repo: "hexpm", optional: false]}, {:log_reset, "~> 0.1", [hex: :log_reset, repo: "hexpm", optional: false]}, {:persist_config, "~> 0.4", [hex: :persist_config, repo: "hexpm", optional: false]}], "hexpm", "e48fbc531bcfaed5d126d4d73c8532cc1b4d9f8a9494a00bf9cbe9ef35375169"},
  "islands_client_island_type": {:hex, :islands_client_island_type, "0.1.15", "c89c334ab1367e892e0fccde285e0a053e63386311cc13090d8f7a62bdf9259c", [:mix], [{:islands_island, "~> 0.1", [hex: :islands_island, repo: "hexpm", optional: false]}], "hexpm", "a48450b483f97b81ab4a8a7e52a5d10fb29dc9068c62875799bab9d7acd323c6"},
  "islands_coord": {:hex, :islands_coord, "0.1.26", "b67323d39691937ee1d344152b7983393a897fc2d534aad463e31fd64002678b", [:mix], [{:jason, "~> 1.0", [hex: :jason, repo: "hexpm", optional: false]}, {:poison, "~> 5.0", [hex: :poison, repo: "hexpm", optional: false]}], "hexpm", "433cbdb8b02d5f97e21c4eb33da4ee7bee417136433741ffb75ec1dd2af0e87d"},
  "islands_game": {:hex, :islands_game, "0.1.34", "3bf444319ec3779a199432f69a1fef88bc48603cc0231bc21c92e85a136d2b19", [:mix], [{:islands_board, "~> 0.1", [hex: :islands_board, repo: "hexpm", optional: false]}, {:islands_coord, "~> 0.1", [hex: :islands_coord, repo: "hexpm", optional: false]}, {:islands_guesses, "~> 0.1", [hex: :islands_guesses, repo: "hexpm", optional: false]}, {:islands_player, "~> 0.1", [hex: :islands_player, repo: "hexpm", optional: false]}, {:islands_player_id, "~> 0.1", [hex: :islands_player_id, repo: "hexpm", optional: false]}, {:islands_request, "~> 0.1", [hex: :islands_request, repo: "hexpm", optional: false]}, {:islands_response, "~> 0.1", [hex: :islands_response, repo: "hexpm", optional: false]}, {:islands_state, "~> 0.1", [hex: :islands_state, repo: "hexpm", optional: false]}, {:jason, "~> 1.0", [hex: :jason, repo: "hexpm", optional: false]}, {:persist_config, "~> 0.4", [hex: :persist_config, repo: "hexpm", optional: false]}, {:poison, "~> 5.0", [hex: :poison, repo: "hexpm", optional: false]}], "hexpm", "57b28dcf8078c17accaa76f4877cd562a76937751da981005e02c48a49517b04"},
  "islands_grid": {:hex, :islands_grid, "0.1.24", "641e7d380dd49678baef8cfad755ada56f4594408166b2fccf54f75f2b17979e", [:mix], [{:io_ansi_plus, "~> 0.1", [hex: :io_ansi_plus, repo: "hexpm", optional: false]}, {:islands_board, "~> 0.1", [hex: :islands_board, repo: "hexpm", optional: false]}, {:islands_coord, "~> 0.1", [hex: :islands_coord, repo: "hexpm", optional: false]}, {:islands_guesses, "~> 0.1", [hex: :islands_guesses, repo: "hexpm", optional: false]}, {:islands_island, "~> 0.1", [hex: :islands_island, repo: "hexpm", optional: false]}], "hexpm", "731b32c2056af22f1b416ef00b7f74d0ff379191ed4b3ca1ee999c1bd7ca4aae"},
  "islands_guesses": {:hex, :islands_guesses, "0.1.24", "43dbcccdcaa2a4d7ebf2446c8218ca298e00157152d0b0b430e2a5f903c2ec4e", [:mix], [{:islands_coord, "~> 0.1", [hex: :islands_coord, repo: "hexpm", optional: false]}, {:islands_island, "~> 0.1", [hex: :islands_island, repo: "hexpm", optional: false]}, {:jason, "~> 1.0", [hex: :jason, repo: "hexpm", optional: false]}, {:poison, "~> 5.0", [hex: :poison, repo: "hexpm", optional: false]}], "hexpm", "0773e8ea2b556e23aa7027f9da3c042436f144bbe08fcdef6b05717372fe1cd4"},
  "islands_island": {:hex, :islands_island, "0.1.27", "961915f37007a87b07e599d0a6dd89c0372eae24ba27ec21aeac6da839d8d0a7", [:mix], [{:islands_coord, "~> 0.1", [hex: :islands_coord, repo: "hexpm", optional: false]}, {:jason, "~> 1.0", [hex: :jason, repo: "hexpm", optional: false]}, {:poison, "~> 5.0", [hex: :poison, repo: "hexpm", optional: false]}], "hexpm", "a3bf9052a35f63d1549d5ff6ea2acb81b7e8f6b897cc188b48cd37a33cdc6842"},
  "islands_player": {:hex, :islands_player, "0.1.27", "cf61eaeaf10ab749ee2f2668d6badb2c9b599de338d9a5ca7fb54735bb0fa01f", [:mix], [{:islands_board, "~> 0.1", [hex: :islands_board, repo: "hexpm", optional: false]}, {:islands_guesses, "~> 0.1", [hex: :islands_guesses, repo: "hexpm", optional: false]}, {:jason, "~> 1.0", [hex: :jason, repo: "hexpm", optional: false]}, {:poison, "~> 5.0", [hex: :poison, repo: "hexpm", optional: false]}], "hexpm", "3e8932fc396387234e8ed79e3d127a284c707216292571d3bf7d4b67d1c08791"},
  "islands_player_id": {:hex, :islands_player_id, "0.1.16", "c0d7d80b06047a86761996e4685b46cb48ba73b8e30d2315d7a82cd6e76e0c08", [:mix], [], "hexpm", "8376fddc034087dd79d3975f850ee560d4046c5ba381b5578f382c8ef5eafe45"},
  "islands_request": {:hex, :islands_request, "0.1.26", "8ddab95e3a5d677701320973d8d19bbe9d0069c2cf33d42dcd132a85bd2ea7ed", [:mix], [{:islands_coord, "~> 0.1", [hex: :islands_coord, repo: "hexpm", optional: false]}, {:islands_island, "~> 0.1", [hex: :islands_island, repo: "hexpm", optional: false]}, {:islands_player, "~> 0.1", [hex: :islands_player, repo: "hexpm", optional: false]}, {:islands_player_id, "~> 0.1", [hex: :islands_player_id, repo: "hexpm", optional: false]}], "hexpm", "4f95275b6afff36cb9dc6e1851b4b0970c79d65587696ebf66e5b94450c9f3e2"},
  "islands_response": {:hex, :islands_response, "0.1.15", "cb6b8518d62908dcef1f4cbb65706d1c9831d329732c5e5e38c0ec3ab3247381", [:mix], [{:islands_island, "~> 0.1", [hex: :islands_island, repo: "hexpm", optional: false]}], "hexpm", "d3870e10744308c9782dac0e4f6e8f54cf94f3fd06aa92378281f42029bcf2c5"},
  "islands_score": {:hex, :islands_score, "0.1.35", "e9617cddd37c6fc5a40c7f63979b0e4bcfdd1cf2ebfc73ecae5ead2d4dfe567b", [:mix], [{:io_ansi_plus, "~> 0.1", [hex: :io_ansi_plus, repo: "hexpm", optional: false]}, {:islands_board, "~> 0.1", [hex: :islands_board, repo: "hexpm", optional: false]}, {:islands_client_island_type, "~> 0.1", [hex: :islands_client_island_type, repo: "hexpm", optional: false]}, {:islands_coord, "~> 0.1", [hex: :islands_coord, repo: "hexpm", optional: false]}, {:islands_game, "~> 0.1", [hex: :islands_game, repo: "hexpm", optional: false]}, {:islands_island, "~> 0.1", [hex: :islands_island, repo: "hexpm", optional: false]}, {:islands_player, "~> 0.1", [hex: :islands_player, repo: "hexpm", optional: false]}, {:islands_player_id, "~> 0.1", [hex: :islands_player_id, repo: "hexpm", optional: false]}, {:jason, "~> 1.0", [hex: :jason, repo: "hexpm", optional: false]}, {:poison, "~> 5.0", [hex: :poison, repo: "hexpm", optional: false]}], "hexpm", "d8c3773e34f3e3462912dd506e4dcd3d2bd50859f2007b20c0c886361f2f3815"},
  "islands_state": {:hex, :islands_state, "0.1.18", "a779516001f6f5cd79576349d2e7048b8b8e04056f0958617c996e9a3779a209", [:mix], [{:islands_player_id, "~> 0.1", [hex: :islands_player_id, repo: "hexpm", optional: false]}, {:jason, "~> 1.0", [hex: :jason, repo: "hexpm", optional: false]}, {:poison, "~> 5.0", [hex: :poison, repo: "hexpm", optional: false]}], "hexpm", "53e41eace4681cbe0368d2298bf31421068ec5ac5ff4270264fc88977d172bb1"},
  "islands_tally": {:hex, :islands_tally, "0.1.22", "28607e8b7830f2513b1463439ee6b761a5525f8087f29b42fb85f6b43c09915a", [:mix], [{:io_ansi_plus, "~> 0.1", [hex: :io_ansi_plus, repo: "hexpm", optional: false]}, {:io_ansi_table, "~> 1.0", [hex: :io_ansi_table, repo: "hexpm", optional: false]}, {:islands_board, "~> 0.1", [hex: :islands_board, repo: "hexpm", optional: false]}, {:islands_coord, "~> 0.1", [hex: :islands_coord, repo: "hexpm", optional: false]}, {:islands_game, "~> 0.1", [hex: :islands_game, repo: "hexpm", optional: false]}, {:islands_grid, "~> 0.1", [hex: :islands_grid, repo: "hexpm", optional: false]}, {:islands_guesses, "~> 0.1", [hex: :islands_guesses, repo: "hexpm", optional: false]}, {:islands_island, "~> 0.1", [hex: :islands_island, repo: "hexpm", optional: false]}, {:islands_player, "~> 0.1", [hex: :islands_player, repo: "hexpm", optional: false]}, {:islands_player_id, "~> 0.1", [hex: :islands_player_id, repo: "hexpm", optional: false]}, {:islands_request, "~> 0.1", [hex: :islands_request, repo: "hexpm", optional: false]}, {:islands_response, "~> 0.1", [hex: :islands_response, repo: "hexpm", optional: false]}, {:islands_score, "~> 0.1", [hex: :islands_score, repo: "hexpm", optional: false]}, {:islands_state, "~> 0.1", [hex: :islands_state, repo: "hexpm", optional: false]}, {:jason, "~> 1.0", [hex: :jason, repo: "hexpm", optional: false]}, {:persist_config, "~> 0.4", [hex: :persist_config, repo: "hexpm", optional: false]}, {:poison, "~> 5.0", [hex: :poison, repo: "hexpm", optional: false]}], "hexpm", "d16357d9e546faf59513a0f2f9a466120bf5798976cb651b9bf7f885a4a0acdf"},
  "jason": {:hex, :jason, "1.3.0", "fa6b82a934feb176263ad2df0dbd91bf633d4a46ebfdffea0c8ae82953714946", [:mix], [{:decimal, "~> 1.0 or ~> 2.0", [hex: :decimal, repo: "hexpm", optional: true]}], "hexpm", "53fc1f51255390e0ec7e50f9cb41e751c260d065dcba2bf0d08dc51a4002c2ac"},
  "log_reset": {:hex, :log_reset, "0.1.50", "0fe24fab2736805f3bb85dff289757f7005f00b0f9129e707234030fe96d4f3e", [:mix], [{:file_only_logger, "~> 0.1", [hex: :file_only_logger, repo: "hexpm", optional: false]}, {:persist_config, "~> 0.4", [hex: :persist_config, repo: "hexpm", optional: false]}], "hexpm", "a1524c047cad15acdc425b3c290ea3d2cb9bcb1eeebe9d8bdc66fdd1da8d2ed9"},
  "logger_file_backend": {:hex, :logger_file_backend, "0.0.13", "df07b14970e9ac1f57362985d76e6f24e3e1ab05c248055b7d223976881977c2", [:mix], [], "hexpm", "71a453a7e6e899ae4549fb147b1c6621f4233f8f48f58ca10a64ec67b6c50018"},
  "makeup": {:hex, :makeup, "1.0.5", "d5a830bc42c9800ce07dd97fa94669dfb93d3bf5fcf6ea7a0c67b2e0e4a7f26c", [:mix], [{:nimble_parsec, "~> 0.5 or ~> 1.0", [hex: :nimble_parsec, repo: "hexpm", optional: false]}], "hexpm", "cfa158c02d3f5c0c665d0af11512fed3fba0144cf1aadee0f2ce17747fba2ca9"},
  "makeup_elixir": {:hex, :makeup_elixir, "0.15.2", "dc72dfe17eb240552857465cc00cce390960d9a0c055c4ccd38b70629227e97c", [:mix], [{:makeup, "~> 1.0", [hex: :makeup, repo: "hexpm", optional: false]}, {:nimble_parsec, "~> 1.1", [hex: :nimble_parsec, repo: "hexpm", optional: false]}], "hexpm", "fd23ae48d09b32eff49d4ced2b43c9f086d402ee4fd4fcb2d7fad97fa8823e75"},
  "makeup_erlang": {:hex, :makeup_erlang, "0.1.1", "3fcb7f09eb9d98dc4d208f49cc955a34218fc41ff6b84df7c75b3e6e533cc65f", [:mix], [{:makeup, "~> 1.0", [hex: :makeup, repo: "hexpm", optional: false]}], "hexpm", "174d0809e98a4ef0b3309256cbf97101c6ec01c4ab0b23e926a9e17df2077cbb"},
  "map_sorter": {:hex, :map_sorter, "0.2.56", "202c7f92ad4b75a903700c67d519d3238dcbb96d98df3013e7e22f2b185946fd", [:mix], [{:file_only_logger, "~> 0.1", [hex: :file_only_logger, repo: "hexpm", optional: false]}, {:log_reset, "~> 0.1", [hex: :log_reset, repo: "hexpm", optional: false]}, {:persist_config, "~> 0.4", [hex: :persist_config, repo: "hexpm", optional: false]}], "hexpm", "740dddfbaf06cb62c72bb2465e89dfa9f89b1af1a475320dc115fb538f1110f5"},
  "nimble_parsec": {:hex, :nimble_parsec, "1.2.1", "264fc6864936b59fedb3ceb89998c64e9bb91945faf1eb115d349b96913cc2ef", [:mix], [], "hexpm", "23c31d0ec38c97bf9adde35bc91bc8e1181ea5202881f48a192f4aa2d2cf4d59"},
  "persist_config": {:hex, :persist_config, "0.4.19", "cd07fcca7c44131af0962c17952a5f2e72062878fcf0952125be41a42860abe1", [:mix], [], "hexpm", "b8cf896afcd34d876fe09fd62d24e6cc5f3c764d7f909de32a4ffe57bcdf6c23"},
  "poison": {:hex, :poison, "5.0.0", "d2b54589ab4157bbb82ec2050757779bfed724463a544b6e20d79855a9e43b24", [:mix], [{:decimal, "~> 2.0", [hex: :decimal, repo: "hexpm", optional: true]}], "hexpm", "11dc6117c501b80c62a7594f941d043982a1bd05a1184280c0d9166eb4d8d3fc"},
}
