%{
  "dialyxir": {:hex, :dialyxir, "1.1.0", "c5aab0d6e71e5522e77beff7ba9e08f8e02bad90dfbeffae60eaf0cb47e29488", [:mix], [{:erlex, ">= 0.2.6", [hex: :erlex, repo: "hexpm", optional: false]}], "hexpm", "07ea8e49c45f15264ebe6d5b93799d4dd56a44036cf42d0ad9c960bc266c0b9a"},
  "dynamic_supervisor_proxy": {:hex, :dynamic_supervisor_proxy, "0.1.40", "c3a39974ac314595b8f1b534fe358513a047d994250b3fb2e25b3f598231daa9", [:mix], [{:file_only_logger, "~> 0.1", [hex: :file_only_logger, repo: "hexpm", optional: false]}, {:persist_config, "~> 0.4", [hex: :persist_config, repo: "hexpm", optional: false]}], "hexpm", "772d50590f9060fea888dd5e6f18bd942d9ab9915ecd18b6e99d8fc1ba1374a8"},
  "earmark_parser": {:hex, :earmark_parser, "1.4.19", "de0d033d5ff9fc396a24eadc2fcf2afa3d120841eb3f1004d138cbf9273210e8", [:mix], [], "hexpm", "527ab6630b5c75c3a3960b75844c314ec305c76d9899bb30f71cb85952a9dc45"},
  "erlex": {:hex, :erlex, "0.2.6", "c7987d15e899c7a2f34f5420d2a2ea0d659682c06ac607572df55a43753aa12e", [:mix], [], "hexpm", "2ed2e25711feb44d52b17d2780eabf998452f6efda104877a3881c2f8c0c0c75"},
  "ex_doc": {:hex, :ex_doc, "0.28.0", "7eaf526dd8c80ae8c04d52ac8801594426ae322b52a6156cd038f30bafa8226f", [:mix], [{:earmark_parser, "~> 1.4.19", [hex: :earmark_parser, repo: "hexpm", optional: false]}, {:makeup_elixir, "~> 0.14", [hex: :makeup_elixir, repo: "hexpm", optional: false]}, {:makeup_erlang, "~> 0.1", [hex: :makeup_erlang, repo: "hexpm", optional: false]}], "hexpm", "e55cdadf69a5d1f4cfd8477122ebac5e1fadd433a8c1022dafc5025e48db0131"},
  "file_only_logger": {:hex, :file_only_logger, "0.1.52", "7de6be225b8d7c0ec1a73864cb5cb9dde612d8abf3e23643c4e5c01f0ef99ba3", [:mix], [{:logger_file_backend, "~> 0.0.9", [hex: :logger_file_backend, repo: "hexpm", optional: false]}, {:persist_config, "~> 0.4", [hex: :persist_config, repo: "hexpm", optional: false]}], "hexpm", "5094eaeafb356ae634d1276f0881fe17023ed13cc6e1e115bc91064e2458d777"},
  "gen_server_proxy": {:hex, :gen_server_proxy, "0.1.40", "36ed50550eabb590f48db4628edcb31c69d72e2f00ae29a159745877f2107fca", [:mix], [{:file_only_logger, "~> 0.1", [hex: :file_only_logger, repo: "hexpm", optional: false]}, {:persist_config, "~> 0.4", [hex: :persist_config, repo: "hexpm", optional: false]}], "hexpm", "21947a27e7d0ea5974cd8bd62ee1c396b74ef2c9252d786c4dab16bed479706f"},
  "io_ansi_plus": {:hex, :io_ansi_plus, "0.1.38", "ee272f0830d862ec4836957b68b6e7fc0c51e26ac6d03808780d2c5b9c45241f", [:mix], [{:persist_config, "~> 0.4", [hex: :persist_config, repo: "hexpm", optional: false]}], "hexpm", "f06b1690a53bdd074bec9b90c5bf2b091c5fdccf078a90379592f03f0a3caeb8"},
  "io_ansi_table": {:hex, :io_ansi_table, "1.0.24", "88a2d0252cc0cc3340bc47c7dbcc27e2805717cdbc93184fe675bee406011d66", [:mix], [{:file_only_logger, "~> 0.1", [hex: :file_only_logger, repo: "hexpm", optional: false]}, {:io_ansi_plus, "~> 0.1", [hex: :io_ansi_plus, repo: "hexpm", optional: false]}, {:log_reset, "~> 0.1", [hex: :log_reset, repo: "hexpm", optional: false]}, {:map_sorter, "~> 0.2", [hex: :map_sorter, repo: "hexpm", optional: false]}, {:persist_config, "~> 0.4", [hex: :persist_config, repo: "hexpm", optional: false]}], "hexpm", "68f2e3ac9081b8e95554ce149161d05fe0f7781ac6c240221190965ec578e5ae"},
  "islands_board": {:hex, :islands_board, "0.1.26", "c6f61fc17b1159fd1c1b8084dce4a1101fcbecd96b4d17735a879bbbb38e1a9d", [:mix], [{:islands_coord, "~> 0.1", [hex: :islands_coord, repo: "hexpm", optional: false]}, {:islands_island, "~> 0.1", [hex: :islands_island, repo: "hexpm", optional: false]}, {:jason, "~> 1.0", [hex: :jason, repo: "hexpm", optional: false]}, {:poison, "~> 5.0", [hex: :poison, repo: "hexpm", optional: false]}], "hexpm", "193b3e8bc31c4cf9224325d49f283667ba3935d740ced8aeabeace96c573d920"},
  "islands_board_cache": {:hex, :islands_board_cache, "0.1.30", "681f08b19ae301e5e813f6583c0b4922ef6aa854bf30dc7dabf7c08fbf8683f7", [:mix], [{:file_only_logger, "~> 0.1", [hex: :file_only_logger, repo: "hexpm", optional: false]}, {:islands_board, "~> 0.1", [hex: :islands_board, repo: "hexpm", optional: false]}, {:islands_coord, "~> 0.1", [hex: :islands_coord, repo: "hexpm", optional: false]}, {:islands_island, "~> 0.1", [hex: :islands_island, repo: "hexpm", optional: false]}, {:log_reset, "~> 0.1", [hex: :log_reset, repo: "hexpm", optional: false]}, {:persist_config, "~> 0.4", [hex: :persist_config, repo: "hexpm", optional: false]}], "hexpm", "49ef474e542992265154067e745929ef4b1db94c3350f30ec071a80899481912"},
  "islands_client_island_type": {:hex, :islands_client_island_type, "0.1.16", "b0ff48d7b88841b1210ccd3e0275c3933882ef8a5ac491bdee7276981899023c", [:mix], [{:islands_island, "~> 0.1", [hex: :islands_island, repo: "hexpm", optional: false]}], "hexpm", "26edaac9da761a783430b6aae1ccf71d03a6a59964310d8776c22597a2864ab7"},
  "islands_coord": {:hex, :islands_coord, "0.1.27", "63c4458d63444ea75f46db82f05c5faaa3080ef976b390d1ae83ca94695d428c", [:mix], [{:jason, "~> 1.0", [hex: :jason, repo: "hexpm", optional: false]}, {:poison, "~> 5.0", [hex: :poison, repo: "hexpm", optional: false]}], "hexpm", "eeeec967062ae9eb8911d65bf5b3bc5594f8007f5832c282c5a45af48fa09eee"},
  "islands_game": {:hex, :islands_game, "0.1.35", "1af72d905d70ebe19f90719d704ae8fc910e984e7b43b5b126cf9c837ff15a99", [:mix], [{:islands_board, "~> 0.1", [hex: :islands_board, repo: "hexpm", optional: false]}, {:islands_coord, "~> 0.1", [hex: :islands_coord, repo: "hexpm", optional: false]}, {:islands_guesses, "~> 0.1", [hex: :islands_guesses, repo: "hexpm", optional: false]}, {:islands_player, "~> 0.1", [hex: :islands_player, repo: "hexpm", optional: false]}, {:islands_player_id, "~> 0.1", [hex: :islands_player_id, repo: "hexpm", optional: false]}, {:islands_request, "~> 0.1", [hex: :islands_request, repo: "hexpm", optional: false]}, {:islands_response, "~> 0.1", [hex: :islands_response, repo: "hexpm", optional: false]}, {:islands_state, "~> 0.1", [hex: :islands_state, repo: "hexpm", optional: false]}, {:jason, "~> 1.0", [hex: :jason, repo: "hexpm", optional: false]}, {:persist_config, "~> 0.4", [hex: :persist_config, repo: "hexpm", optional: false]}, {:poison, "~> 5.0", [hex: :poison, repo: "hexpm", optional: false]}], "hexpm", "7d7d0e64a5d4827e81b3f5dff8ce2551ecbb8e7fb127b219a2f708008144c67e"},
  "islands_grid": {:hex, :islands_grid, "0.1.25", "5deffe1a1e9fc0dbcc2c19beb9faa3ead91d61a7df5f288a82b0da2790cb4d20", [:mix], [{:io_ansi_plus, "~> 0.1", [hex: :io_ansi_plus, repo: "hexpm", optional: false]}, {:islands_board, "~> 0.1", [hex: :islands_board, repo: "hexpm", optional: false]}, {:islands_coord, "~> 0.1", [hex: :islands_coord, repo: "hexpm", optional: false]}, {:islands_guesses, "~> 0.1", [hex: :islands_guesses, repo: "hexpm", optional: false]}, {:islands_island, "~> 0.1", [hex: :islands_island, repo: "hexpm", optional: false]}], "hexpm", "046c60a8d2db15f20e6be08c8d773e91b05d8a8f4a2640fe942606555525b4a8"},
  "islands_guesses": {:hex, :islands_guesses, "0.1.25", "73ba84584fdb1e5f32841d13126ea79268658bb6c5bb271e243ffa383cbb7993", [:mix], [{:islands_coord, "~> 0.1", [hex: :islands_coord, repo: "hexpm", optional: false]}, {:islands_island, "~> 0.1", [hex: :islands_island, repo: "hexpm", optional: false]}, {:jason, "~> 1.0", [hex: :jason, repo: "hexpm", optional: false]}, {:poison, "~> 5.0", [hex: :poison, repo: "hexpm", optional: false]}], "hexpm", "93e3b7a79d2540b6b6d8c9ad57e60cfb0d9f9ad07fc0557ebfdaf68a01955b4f"},
  "islands_island": {:hex, :islands_island, "0.1.28", "659bb8082c592f1b0963ea29c5e9d09b721d2c8e4130bb5f8c5a928b3efd2ed8", [:mix], [{:islands_coord, "~> 0.1", [hex: :islands_coord, repo: "hexpm", optional: false]}, {:jason, "~> 1.0", [hex: :jason, repo: "hexpm", optional: false]}, {:poison, "~> 5.0", [hex: :poison, repo: "hexpm", optional: false]}], "hexpm", "95077fd79c1b32033f7b17315378fd646ac209f6bc464c04ee4050d6cc87db50"},
  "islands_player": {:hex, :islands_player, "0.1.28", "0425cfcfa03c4e0e2d367e7cc49c1c876c6ace389bc2dc008eb385a33348ecc4", [:mix], [{:islands_board, "~> 0.1", [hex: :islands_board, repo: "hexpm", optional: false]}, {:islands_guesses, "~> 0.1", [hex: :islands_guesses, repo: "hexpm", optional: false]}, {:jason, "~> 1.0", [hex: :jason, repo: "hexpm", optional: false]}, {:poison, "~> 5.0", [hex: :poison, repo: "hexpm", optional: false]}], "hexpm", "466dc6b0385d9abfee5186319f0470c75b4d8f74e35f36349965f13b8cd0ac19"},
  "islands_player_id": {:hex, :islands_player_id, "0.1.17", "bb10c4fe89b9c0777aa0eb19b25faa8044dc9b75579e1143730bdd02ebc5df4f", [:mix], [], "hexpm", "aab43a840b53ff6ec3990a48f91206eb53dc155036303bd7be6f72da6d99b9f3"},
  "islands_request": {:hex, :islands_request, "0.1.27", "802be8caa2ed81c9d55e9d7c7652536879d62c72d6c4d2286e82b0c85d4c7cbc", [:mix], [{:islands_coord, "~> 0.1", [hex: :islands_coord, repo: "hexpm", optional: false]}, {:islands_island, "~> 0.1", [hex: :islands_island, repo: "hexpm", optional: false]}, {:islands_player, "~> 0.1", [hex: :islands_player, repo: "hexpm", optional: false]}, {:islands_player_id, "~> 0.1", [hex: :islands_player_id, repo: "hexpm", optional: false]}], "hexpm", "48a58696498d33145ed00d1baab4b472996ec0f944d64a1fd6aa23d5cc838646"},
  "islands_response": {:hex, :islands_response, "0.1.16", "cf9b7f905e8b68c7f2256705df356e554658a7199991b8d8506ef037d9b9cb82", [:mix], [{:islands_island, "~> 0.1", [hex: :islands_island, repo: "hexpm", optional: false]}], "hexpm", "b699ed63baf371bfba1f0258563d4fef33c044c5e42cd38932f4f1ba74e6cf85"},
  "islands_score": {:hex, :islands_score, "0.1.36", "f23d4bdbb1098f4529a6a04691e5d7026a242410f6bc97f10618574e6cfe58dc", [:mix], [{:io_ansi_plus, "~> 0.1", [hex: :io_ansi_plus, repo: "hexpm", optional: false]}, {:islands_board, "~> 0.1", [hex: :islands_board, repo: "hexpm", optional: false]}, {:islands_client_island_type, "~> 0.1", [hex: :islands_client_island_type, repo: "hexpm", optional: false]}, {:islands_coord, "~> 0.1", [hex: :islands_coord, repo: "hexpm", optional: false]}, {:islands_game, "~> 0.1", [hex: :islands_game, repo: "hexpm", optional: false]}, {:islands_island, "~> 0.1", [hex: :islands_island, repo: "hexpm", optional: false]}, {:islands_player, "~> 0.1", [hex: :islands_player, repo: "hexpm", optional: false]}, {:islands_player_id, "~> 0.1", [hex: :islands_player_id, repo: "hexpm", optional: false]}, {:jason, "~> 1.0", [hex: :jason, repo: "hexpm", optional: false]}, {:poison, "~> 5.0", [hex: :poison, repo: "hexpm", optional: false]}], "hexpm", "0d0926bfeebb5eee5b93cf6a8a8dece05186a5cfc3ba549ebbc06676b9acdc15"},
  "islands_state": {:hex, :islands_state, "0.1.19", "7cca6081548cbf47d2e6d31bd8ca1e7d2c2aebeabae2c43202667332ec911d19", [:mix], [{:islands_player_id, "~> 0.1", [hex: :islands_player_id, repo: "hexpm", optional: false]}, {:jason, "~> 1.0", [hex: :jason, repo: "hexpm", optional: false]}, {:poison, "~> 5.0", [hex: :poison, repo: "hexpm", optional: false]}], "hexpm", "97d27766ea93b0ae53f0487ea01cf09c4b535a986b95dd16151927fe1eea0dd8"},
  "islands_tally": {:hex, :islands_tally, "0.1.23", "6193bcd383ce22712d44acaa1a5839c5a125bb8d808effe345ef35f7884081b2", [:mix], [{:io_ansi_plus, "~> 0.1", [hex: :io_ansi_plus, repo: "hexpm", optional: false]}, {:io_ansi_table, "~> 1.0", [hex: :io_ansi_table, repo: "hexpm", optional: false]}, {:islands_board, "~> 0.1", [hex: :islands_board, repo: "hexpm", optional: false]}, {:islands_coord, "~> 0.1", [hex: :islands_coord, repo: "hexpm", optional: false]}, {:islands_game, "~> 0.1", [hex: :islands_game, repo: "hexpm", optional: false]}, {:islands_grid, "~> 0.1", [hex: :islands_grid, repo: "hexpm", optional: false]}, {:islands_guesses, "~> 0.1", [hex: :islands_guesses, repo: "hexpm", optional: false]}, {:islands_island, "~> 0.1", [hex: :islands_island, repo: "hexpm", optional: false]}, {:islands_player, "~> 0.1", [hex: :islands_player, repo: "hexpm", optional: false]}, {:islands_player_id, "~> 0.1", [hex: :islands_player_id, repo: "hexpm", optional: false]}, {:islands_request, "~> 0.1", [hex: :islands_request, repo: "hexpm", optional: false]}, {:islands_response, "~> 0.1", [hex: :islands_response, repo: "hexpm", optional: false]}, {:islands_score, "~> 0.1", [hex: :islands_score, repo: "hexpm", optional: false]}, {:islands_state, "~> 0.1", [hex: :islands_state, repo: "hexpm", optional: false]}, {:jason, "~> 1.0", [hex: :jason, repo: "hexpm", optional: false]}, {:persist_config, "~> 0.4", [hex: :persist_config, repo: "hexpm", optional: false]}, {:poison, "~> 5.0", [hex: :poison, repo: "hexpm", optional: false]}], "hexpm", "da45675c43434cbb3af573183ff14a3226dc58535eca57c1c2c89e461ab0fd99"},
  "jason": {:hex, :jason, "1.3.0", "fa6b82a934feb176263ad2df0dbd91bf633d4a46ebfdffea0c8ae82953714946", [:mix], [{:decimal, "~> 1.0 or ~> 2.0", [hex: :decimal, repo: "hexpm", optional: true]}], "hexpm", "53fc1f51255390e0ec7e50f9cb41e751c260d065dcba2bf0d08dc51a4002c2ac"},
  "log_reset": {:hex, :log_reset, "0.1.51", "0643a4532962ed04140319593774e22c97e884703883834f23c840b8af487df9", [:mix], [{:file_only_logger, "~> 0.1", [hex: :file_only_logger, repo: "hexpm", optional: false]}, {:persist_config, "~> 0.4", [hex: :persist_config, repo: "hexpm", optional: false]}], "hexpm", "48235f0c3389c45aaa721edc8cc204c548893064ab148e0da790b8340aa66bae"},
  "logger_file_backend": {:hex, :logger_file_backend, "0.0.13", "df07b14970e9ac1f57362985d76e6f24e3e1ab05c248055b7d223976881977c2", [:mix], [], "hexpm", "71a453a7e6e899ae4549fb147b1c6621f4233f8f48f58ca10a64ec67b6c50018"},
  "makeup": {:hex, :makeup, "1.1.0", "6b67c8bc2882a6b6a445859952a602afc1a41c2e08379ca057c0f525366fc3ca", [:mix], [{:nimble_parsec, "~> 1.2.2 or ~> 1.3", [hex: :nimble_parsec, repo: "hexpm", optional: false]}], "hexpm", "0a45ed501f4a8897f580eabf99a2e5234ea3e75a4373c8a52824f6e873be57a6"},
  "makeup_elixir": {:hex, :makeup_elixir, "0.15.2", "dc72dfe17eb240552857465cc00cce390960d9a0c055c4ccd38b70629227e97c", [:mix], [{:makeup, "~> 1.0", [hex: :makeup, repo: "hexpm", optional: false]}, {:nimble_parsec, "~> 1.1", [hex: :nimble_parsec, repo: "hexpm", optional: false]}], "hexpm", "fd23ae48d09b32eff49d4ced2b43c9f086d402ee4fd4fcb2d7fad97fa8823e75"},
  "makeup_erlang": {:hex, :makeup_erlang, "0.1.1", "3fcb7f09eb9d98dc4d208f49cc955a34218fc41ff6b84df7c75b3e6e533cc65f", [:mix], [{:makeup, "~> 1.0", [hex: :makeup, repo: "hexpm", optional: false]}], "hexpm", "174d0809e98a4ef0b3309256cbf97101c6ec01c4ab0b23e926a9e17df2077cbb"},
  "map_sorter": {:hex, :map_sorter, "0.2.57", "fcf2dd640d0e040b02ca7fc743e2f1eeead1823a5d70fe2c56fe11879da49f2f", [:mix], [{:file_only_logger, "~> 0.1", [hex: :file_only_logger, repo: "hexpm", optional: false]}, {:log_reset, "~> 0.1", [hex: :log_reset, repo: "hexpm", optional: false]}, {:persist_config, "~> 0.4", [hex: :persist_config, repo: "hexpm", optional: false]}], "hexpm", "b20a531d1c88dab56aebb3b75d42c07c52eceae455a3c615d328eb16ed241151"},
  "nimble_parsec": {:hex, :nimble_parsec, "1.2.2", "b99ca56bbce410e9d5ee4f9155a212e942e224e259c7ebbf8f2c86ac21d4fa3c", [:mix], [], "hexpm", "98d51bd64d5f6a2a9c6bb7586ee8129e27dfaab1140b5a4753f24dac0ba27d2f"},
  "persist_config": {:hex, :persist_config, "0.4.20", "90087090d98292b17178026a2d06daf11e51b333b4de8c62d3c5b8c5b6f9b956", [:mix], [], "hexpm", "2a5a82f2b72a492daec1a28d67564aa0770a8738778f8440ec50e63957990a0c"},
  "poison": {:hex, :poison, "5.0.0", "d2b54589ab4157bbb82ec2050757779bfed724463a544b6e20d79855a9e43b24", [:mix], [{:decimal, "~> 2.0", [hex: :decimal, repo: "hexpm", optional: true]}], "hexpm", "11dc6117c501b80c62a7594f941d043982a1bd05a1184280c0d9166eb4d8d3fc"},
}
